
Microsoft Visual Studio Solution File, Format Version 12.00
# Visual Studio 15
VisualStudioVersion = 15.0.28307.645
MinimumVisualStudioVersion = 10.0.40219.1
Project("{FAE04EC0-301F-11D3-BF4B-00C04F79EFBC}") = "ClientManagement", "ClientManagement\ClientManagement.csproj", "{C5575FCD-B975-496E-B2EE-60AC9292DE61}"
EndProject
Project("{FAE04EC0-301F-11D3-BF4B-00C04F79EFBC}") = "ClientManagement.Models", "ClientManagement.Models\ClientManagement.Models.csproj", "{5CB628D7-48AB-4E58-908B-DADBD7CD5844}"
EndProject
Project("{FAE04EC0-301F-11D3-BF4B-00C04F79EFBC}") = "ClientManagement.Data", "ClientManagement.Data\ClientManagement.Data.csproj", "{DC44BC98-2E14-48BE-95ED-13462BA60D0E}"
EndProject
Global
	GlobalSection(SolutionConfigurationPlatforms) = preSolution
		Debug|Any CPU = Debug|Any CPU
		Release|Any CPU = Release|Any CPU
	EndGlobalSection
	GlobalSection(ProjectConfigurationPlatforms) = postSolution
		{C5575FCD-B975-496E-B2EE-60AC9292DE61}.Debug|Any CPU.ActiveCfg = Debug|Any CPU
		{C5575FCD-B975-496E-B2EE-60AC9292DE61}.Debug|Any CPU.Build.0 = Debug|Any CPU
		{C5575FCD-B975-496E-B2EE-60AC9292DE61}.Release|Any CPU.ActiveCfg = Release|Any CPU
		{C5575FCD-B975-496E-B2EE-60AC9292DE61}.Release|Any CPU.Build.0 = Release|Any CPU
		{5CB628D7-48AB-4E58-908B-DADBD7CD5844}.Debug|Any CPU.ActiveCfg = Debug|Any CPU
		{5CB628D7-48AB-4E58-908B-DADBD7CD5844}.Debug|Any CPU.Build.0 = Debug|Any CPU
		{5CB628D7-48AB-4E58-908B-DADBD7CD5844}.Release|Any CPU.ActiveCfg = Release|Any CPU
		{5CB628D7-48AB-4E58-908B-DADBD7CD5844}.Release|Any CPU.Build.0 = Release|Any CPU
		{DC44BC98-2E14-48BE-95ED-13462BA60D0E}.Debug|Any CPU.ActiveCfg = Debug|Any CPU
		{DC44BC98-2E14-48BE-95ED-13462BA60D0E}.Debug|Any CPU.Build.0 = Debug|Any CPU
		{DC44BC98-2E14-48BE-95ED-13462BA60D0E}.Release|Any CPU.ActiveCfg = Release|Any CPU
		{DC44BC98-2E14-48BE-95ED-13462BA60D0E}.Release|Any CPU.Build.0 = Release|Any CPU
	EndGlobalSection
	GlobalSection(SolutionProperties) = preSolution
		HideSolutionNode = FALSE
	EndGlobalSection
	GlobalSection(ExtensibilityGlobals) = postSolution
		SolutionGuid = {AEE4657C-384C-4268-B805-3D3B29B72AE3}
	EndGlobalSection
EndGlobal
